// !$*UTF8*$!
{
	archiveVersion = 1;
	classes = {
	};
	objectVersion = 50;
	objects = {

/* Begin PBXBuildFile section */
		08E88EE421415AFA005F9D78 /* RealmSwift.framework in Frameworks */ = {isa = PBXBuildFile; fileRef = 08E88EE321415AFA005F9D78 /* RealmSwift.framework */; };
		08E88EE621415B0B005F9D78 /* Realm.framework in Frameworks */ = {isa = PBXBuildFile; fileRef = 08E88EE521415B0A005F9D78 /* Realm.framework */; };
		1D676C71213DEEDC001849EE /* AppDelegate.swift in Sources */ = {isa = PBXBuildFile; fileRef = 1D676C70213DEEDC001849EE /* AppDelegate.swift */; };
		1D676C73213DEEDC001849EE /* ViewController.swift in Sources */ = {isa = PBXBuildFile; fileRef = 1D676C72213DEEDC001849EE /* ViewController.swift */; };
		1D676C79213DEEDC001849EE /* numCounterIos.xcdatamodeld in Sources */ = {isa = PBXBuildFile; fileRef = 1D676C77213DEEDC001849EE /* numCounterIos.xcdatamodeld */; };
		1D676C7B213DEEDD001849EE /* Assets.xcassets in Resources */ = {isa = PBXBuildFile; fileRef = 1D676C7A213DEEDD001849EE /* Assets.xcassets */; };
		1D676C7E213DEEDD001849EE /* LaunchScreen.storyboard in Resources */ = {isa = PBXBuildFile; fileRef = 1D676C7C213DEEDD001849EE /* LaunchScreen.storyboard */; };
/* End PBXBuildFile section */

/* Begin PBXFileReference section */
		08E88EE321415AFA005F9D78 /* RealmSwift.framework */ = {isa = PBXFileReference; lastKnownFileType = wrapper.framework; name = RealmSwift.framework; path = Carthage/Build/iOS/RealmSwift.framework; sourceTree = "<group>"; };
		08E88EE521415B0A005F9D78 /* Realm.framework */ = {isa = PBXFileReference; lastKnownFileType = wrapper.framework; name = Realm.framework; path = Carthage/Build/iOS/Realm.framework; sourceTree = "<group>"; };
		1D676C6D213DEEDC001849EE /* numCounterIos.app */ = {isa = PBXFileReference; explicitFileType = wrapper.application; includeInIndex = 0; path = numCounterIos.app; sourceTree = BUILT_PRODUCTS_DIR; };
		1D676C70213DEEDC001849EE /* AppDelegate.swift */ = {isa = PBXFileReference; lastKnownFileType = sourcecode.swift; path = AppDelegate.swift; sourceTree = "<group>"; };
		1D676C72213DEEDC001849EE /* ViewController.swift */ = {isa = PBXFileReference; lastKnownFileType = sourcecode.swift; path = ViewController.swift; sourceTree = "<group>"; };
		1D676C78213DEEDC001849EE /* numCounterIos.xcdatamodel */ = {isa = PBXFileReference; lastKnownFileType = wrapper.xcdatamodel; path = numCounterIos.xcdatamodel; sourceTree = "<group>"; };
		1D676C7A213DEEDD001849EE /* Assets.xcassets */ = {isa = PBXFileReference; lastKnownFileType = folder.assetcatalog; path = Assets.xcassets; sourceTree = "<group>"; };
		1D676C7D213DEEDD001849EE /* Base */ = {isa = PBXFileReference; lastKnownFileType = file.storyboard; name = Base; path = Base.lproj/LaunchScreen.storyboard; sourceTree = "<group>"; };
		1D676C7F213DEEDD001849EE /* Info.plist */ = {isa = PBXFileReference; lastKnownFileType = text.plist.xml; path = Info.plist; sourceTree = "<group>"; };
/* End PBXFileReference section */

/* Begin PBXFrameworksBuildPhase section */
		1D676C6A213DEEDC001849EE /* Frameworks */ = {
			isa = PBXFrameworksBuildPhase;
			buildActionMask = 2147483647;
			files = (
				08E88EE621415B0B005F9D78 /* Realm.framework in Frameworks */,
				08E88EE421415AFA005F9D78 /* RealmSwift.framework in Frameworks */,
			);
			runOnlyForDeploymentPostprocessing = 0;
		};
/* End PBXFrameworksBuildPhase section */

/* Begin PBXGroup section */
		08E88EE221415AFA005F9D78 /* Frameworks */ = {
			isa = PBXGroup;
			children = (
				08E88EE521415B0A005F9D78 /* Realm.framework */,
				08E88EE321415AFA005F9D78 /* RealmSwift.framework */,
			);
			name = Frameworks;
			sourceTree = "<group>";
		};
		1D676C64213DEEDC001849EE = {
			isa = PBXGroup;
			children = (
				1D676C6F213DEEDC001849EE /* numCounterIos */,
				1D676C6E213DEEDC001849EE /* Products */,
				08E88EE221415AFA005F9D78 /* Frameworks */,
			);
			sourceTree = "<group>";
		};
		1D676C6E213DEEDC001849EE /* Products */ = {
			isa = PBXGroup;
			children = (
				1D676C6D213DEEDC001849EE /* numCounterIos.app */,
			);
			name = Products;
			sourceTree = "<group>";
		};
		1D676C6F213DEEDC001849EE /* numCounterIos */ = {
			isa = PBXGroup;
			children = (
				1D676C70213DEEDC001849EE /* AppDelegate.swift */,
				1D676C72213DEEDC001849EE /* ViewController.swift */,
				1D676C7A213DEEDD001849EE /* Assets.xcassets */,
				1D676C7C213DEEDD001849EE /* LaunchScreen.storyboard */,
				1D676C7F213DEEDD001849EE /* Info.plist */,
				1D676C77213DEEDC001849EE /* numCounterIos.xcdatamodeld */,
			);
			path = numCounterIos;
			sourceTree = "<group>";
		};
/* End PBXGroup section */

/* Begin PBXNativeTarget section */
		1D676C6C213DEEDC001849EE /* numCounterIos */ = {
			isa = PBXNativeTarget;
			buildConfigurationList = 1D676C82213DEEDD001849EE /* Build configuration list for PBXNativeTarget "numCounterIos" */;
			buildPhases = (
				1D676C69213DEEDC001849EE /* Sources */,
				1D676C6A213DEEDC001849EE /* Frameworks */,
				1D676C6B213DEEDC001849EE /* Resources */,
				08E88EE721415B28005F9D78 /* ShellScript */,
			);
			buildRules = (
			);
			dependencies = (
			);
			name = numCounterIos;
			productName = numCounterIos;
			productReference = 1D676C6D213DEEDC001849EE /* numCounterIos.app */;
			productType = "com.apple.product-type.application";
		};
/* End PBXNativeTarget section */

/* Begin PBXProject section */
		1D676C65213DEEDC001849EE /* Project object */ = {
			isa = PBXProject;
			attributes = {
				LastSwiftUpdateCheck = 0940;
				LastUpgradeCheck = 0940;
				ORGANIZATIONNAME = tapigami;
				TargetAttributes = {
					1D676C6C213DEEDC001849EE = {
						CreatedOnToolsVersion = 9.4.1;
					};
				};
			};
			buildConfigurationList = 1D676C68213DEEDC001849EE /* Build configuration list for PBXProject "numCounterIos" */;
			compatibilityVersion = "Xcode 9.3";
			developmentRegion = en;
			hasScannedForEncodings = 0;
			knownRegions = (
				en,
				Base,
			);
			mainGroup = 1D676C64213DEEDC001849EE;
			productRefGroup = 1D676C6E213DEEDC001849EE /* Products */;
			projectDirPath = "";
			projectRoot = "";
			targets = (
				1D676C6C213DEEDC001849EE /* numCounterIos */,
			);
		};
/* End PBXProject section */

/* Begin PBXResourcesBuildPhase section */
		1D676C6B213DEEDC001849EE /* Resources */ = {
			isa = PBXResourcesBuildPhase;
			buildActionMask = 2147483647;
			files = (
				1D676C7E213DEEDD001849EE /* LaunchScreen.storyboard in Resources */,
				1D676C7B213DEEDD001849EE /* Assets.xcassets in Resources */,
			);
			runOnlyForDeploymentPostprocessing = 0;
		};
/* End PBXResourcesBuildPhase section */

/* Begin PBXShellScriptBuildPhase section */
		08E88EE721415B28005F9D78 /* ShellScript */ = {
			isa = PBXShellScriptBuildPhase;
			buildActionMask = 2147483647;
			files = (
			);
			inputPaths = (
				"$(SRCROOT)/Carthage/Build/iOS/Realm.framework",
				"$(SRCROOT)/Carthage/Build/iOS/RealmSwift.framework",
			);
			outputPaths = (
			);
			runOnlyForDeploymentPostprocessing = 0;
			shellPath = /bin/sh;
			shellScript = "/usr/local/bin/carthage copy-framework";
		};
/* End PBXShellScriptBuildPhase section */

/* Begin PBXSourcesBuildPhase section */
		1D676C69213DEEDC001849EE /* Sources */ = {
			isa = PBXSourcesBuildPhase;
			buildActionMask = 2147483647;
			files = (
				1D676C79213DEEDC001849EE /* numCounterIos.xcdatamodeld in Sources */,
				1D676C73213DEEDC001849EE /* ViewController.swift in Sources */,
				1D676C71213DEEDC001849EE /* AppDelegate.swift in Sources */,
			);
			runOnlyForDeploymentPostprocessing = 0;
		};
/* End PBXSourcesBuildPhase section */

/* Begin PBXVariantGroup section */
		1D676C7C213DEEDD001849EE /* LaunchScreen.storyboard */ = {
			isa = PBXVariantGroup;
			children = (
				1D676C7D213DEEDD001849EE /* Base */,
			);
			name = LaunchScreen.storyboard;
			sourceTree = "<group>";
		};
/* End PBXVariantGroup section */

/* Begin XCBuildConfiguration section */
		1D676C80213DEEDD001849EE /* Debug */ = {
			isa = XCBuildConfiguration;
			buildSettings = {
				ALWAYS_SEARCH_USER_PATHS = NO;
				CLANG_ANALYZER_NONNULL = YES;
				CLANG_ANALYZER_NUMBER_OBJECT_CONVERSION = YES_AGGRESSIVE;
				CLANG_CXX_LANGUAGE_STANDARD = "gnu++14";
				CLANG_CXX_LIBRARY = "libc++";
				CLANG_ENABLE_MODULES = YES;
				CLANG_ENABLE_OBJC_ARC = YES;
				CLANG_ENABLE_OBJC_WEAK = YES;
				CLANG_WARN_BLOCK_CAPTURE_AUTORELEASING = YES;
				CLANG_WARN_BOOL_CONVERSION = YES;
				CLANG_WARN_COMMA = YES;
				CLANG_WARN_CONSTANT_CONVERSION = YES;
				CLANG_WARN_DEPRECATED_OBJC_IMPLEMENTATIONS = YES;
				CLANG_WARN_DIRECT_OBJC_ISA_USAGE = YES_ERROR;
				CLANG_WARN_DOCUMENTATION_COMMENTS = YES;
				CLANG_WARN_EMPTY_BODY = YES;
				CLANG_WARN_ENUM_CONVERSION = YES;
				CLANG_WARN_INFINITE_RECURSION = YES;
				CLANG_WARN_INT_CONVERSION = YES;
				CLANG_WARN_NON_LITERAL_NULL_CONVERSION = YES;
				CLANG_WARN_OBJC_IMPLICIT_RETAIN_SELF = YES;
				CLANG_WARN_OBJC_LITERAL_CONVERSION = YES;
				CLANG_WARN_OBJC_ROOT_CLASS = YES_ERROR;
				CLANG_WARN_RANGE_LOOP_ANALYSIS = YES;
				CLANG_WARN_STRICT_PROTOTYPES = YES;
				CLANG_WARN_SUSPICIOUS_MOVE = YES;
				CLANG_WARN_UNGUARDED_AVAILABILITY = YES_AGGRESSIVE;
				CLANG_WARN_UNREACHABLE_CODE = YES;
				CLANG_WARN__DUPLICATE_METHOD_MATCH = YES;
				CODE_SIGN_IDENTITY = "iPhone Developer";
				COPY_PHASE_STRIP = NO;
				DEBUG_INFORMATION_FORMAT = dwarf;
				ENABLE_STRICT_OBJC_MSGSEND = YES;
				ENABLE_TESTABILITY = YES;
				GCC_C_LANGUAGE_STANDARD = gnu11;
				GCC_DYNAMIC_NO_PIC = NO;
				GCC_NO_COMMON_BLOCKS = YES;
				GCC_OPTIMIZATION_LEVEL = 0;
				GCC_PREPROCESSOR_DEFINITIONS = (
					"DEBUG=1",
					"$(inherited)",
				);
				GCC_WARN_64_TO_32_BIT_CONVERSION = YES;
				GCC_WARN_ABOUT_RETURN_TYPE = YES_ERROR;
				GCC_WARN_UNDECLARED_SELECTOR = YES;
				GCC_WARN_UNINITIALIZED_AUTOS = YES_AGGRESSIVE;
				GCC_WARN_UNUSED_FUNCTION = YES;
				GCC_WARN_UNUSED_VARIABLE = YES;
				IPHONEOS_DEPLOYMENT_TARGET = 11.4;
				MTL_ENABLE_DEBUG_INFO = YES;
				ONLY_ACTIVE_ARCH = YES;
				SDKROOT = iphoneos;
				SWIFT_ACTIVE_COMPILATION_CONDITIONS = DEBUG;
				SWIFT_OPTIMIZATION_LEVEL = "-Onone";
			};
			name = Debug;
		};
		1D676C81213DEEDD001849EE /* Release */ = {
			isa = XCBuildConfiguration;
			buildSettings = {
				ALWAYS_SEARCH_USER_PATHS = NO;
				CLANG_ANALYZER_NONNULL = YES;
				CLANG_ANALYZER_NUMBER_OBJECT_CONVERSION = YES_AGGRESSIVE;
				CLANG_CXX_LANGUAGE_STANDARD = "gnu++14";
				CLANG_CXX_LIBRARY = "libc++";
				CLANG_ENABLE_MODULES = YES;
				CLANG_ENABLE_OBJC_ARC = YES;
				CLANG_ENABLE_OBJC_WEAK = YES;
				CLANG_WARN_BLOCK_CAPTURE_AUTORELEASING = YES;
				CLANG_WARN_BOOL_CONVERSION = YES;
				CLANG_WARN_COMMA = YES;
				CLANG_WARN_CONSTANT_CONVERSION = YES;
				CLANG_WARN_DEPRECATED_OBJC_IMPLEMENTATIONS = YES;
				CLANG_WARN_DIRECT_OBJC_ISA_USAGE = YES_ERROR;
				CLANG_WARN_DOCUMENTATION_COMMENTS = YES;
				CLANG_WARN_EMPTY_BODY = YES;
				CLANG_WARN_ENUM_CONVERSION = YES;
				CLANG_WARN_INFINITE_RECURSION = YES;
				CLANG_WARN_INT_CONVERSION = YES;
				CLANG_WARN_NON_LITERAL_NULL_CONVERSION = YES;
				CLANG_WARN_OBJC_IMPLICIT_RETAIN_SELF = YES;
				CLANG_WARN_OBJC_LITERAL_CONVERSION = YES;
				CLANG_WARN_OBJC_ROOT_CLASS = YES_ERROR;
				CLANG_WARN_RANGE_LOOP_ANALYSIS = YES;
				CLANG_WARN_STRICT_PROTOTYPES = YES;
				CLANG_WARN_SUSPICIOUS_MOVE = YES;
				CLANG_WARN_UNGUARDED_AVAILABILITY = YES_AGGRESSIVE;
				CLANG_WARN_UNREACHABLE_CODE = YES;
				CLANG_WARN__DUPLICATE_METHOD_MATCH = YES;
				CODE_SIGN_IDENTITY = "iPhone Developer";
				COPY_PHASE_STRIP = NO;
				DEBUG_INFORMATION_FORMAT = "dwarf-with-dsym";
				ENABLE_NS_ASSERTIONS = NO;
				ENABLE_STRICT_OBJC_MSGSEND = YES;
				GCC_C_LANGUAGE_STANDARD = gnu11;
				GCC_NO_COMMON_BLOCKS = YES;
				GCC_WARN_64_TO_32_BIT_CONVERSION = YES;
				GCC_WARN_ABOUT_RETURN_TYPE = YES_ERROR;
				GCC_WARN_UNDECLARED_SELECTOR = YES;
				GCC_WARN_UNINITIALIZED_AUTOS = YES_AGGRESSIVE;
				GCC_WARN_UNUSED_FUNCTION = YES;
				GCC_WARN_UNUSED_VARIABLE = YES;
				IPHONEOS_DEPLOYMENT_TARGET = 11.4;
				MTL_ENABLE_DEBUG_INFO = NO;
				SDKROOT = iphoneos;
				SWIFT_COMPILATION_MODE = wholemodule;
				SWIFT_OPTIMIZATION_LEVEL = "-O";
				VALIDATE_PRODUCT = YES;
			};
			name = Release;
		};
		1D676C83213DEEDD001849EE /* Debug */ = {
			isa = XCBuildConfiguration;
			buildSettings = {
				ASSETCATALOG_COMPILER_APPICON_NAME = AppIcon;
				CODE_SIGN_STYLE = Automatic;
				FRAMEWORK_SEARCH_PATHS = (
					"$(inherited)",
					"$(PROJECT_DIR)/Carthage/Build/iOS",
				);
				INFOPLIST_FILE = numCounterIos/Info.plist;
				LD_RUNPATH_SEARCH_PATHS = (
					"$(inherited)",
					"@executable_path/Frameworks",
				);
				PRODUCT_BUNDLE_IDENTIFIER = tapigami.numCounterIos;
				PRODUCT_NAME = "$(TARGET_NAME)";
				SWIFT_VERSION = 4.0;
				TARGETED_DEVICE_FAMILY = "1,2";
			};
			name = Debug;
		};
		1D676C84213DEEDD001849EE /* Release */ = {
			isa = XCBuildConfiguration;
			buildSettings = {
				ASSETCATALOG_COMPILER_APPICON_NAME = AppIcon;
				CODE_SIGN_STYLE = Automatic;
				FRAMEWORK_SEARCH_PATHS = (
					"$(inherited)",
					"$(PROJECT_DIR)/Carthage/Build/iOS",
				);
				INFOPLIST_FILE = numCounterIos/Info.plist;
				LD_RUNPATH_SEARCH_PATHS = (
					"$(inherited)",
					"@executable_path/Frameworks",
				);
				PRODUCT_BUNDLE_IDENTIFIER = tapigami.numCounterIos;
				PRODUCT_NAME = "$(TARGET_NAME)";
				SWIFT_VERSION = 4.0;
				TARGETED_DEVICE_FAMILY = "1,2";
			};
			name = Release;
		};
/* End XCBuildConfiguration section */

/* Begin XCConfigurationList section */
		1D676C68213DEEDC001849EE /* Build configuration list for PBXProject "numCounterIos" */ = {
			isa = XCConfigurationList;
			buildConfigurations = (
				1D676C80213DEEDD001849EE /* Debug */,
				1D676C81213DEEDD001849EE /* Release */,
			);
			defaultConfigurationIsVisible = 0;
			defaultConfigurationName = Release;
		};
		1D676C82213DEEDD001849EE /* Build configuration list for PBXNativeTarget "numCounterIos" */ = {
			isa = XCConfigurationList;
			buildConfigurations = (
				1D676C83213DEEDD001849EE /* Debug */,
				1D676C84213DEEDD001849EE /* Release */,
			);
			defaultConfigurationIsVisible = 0;
			defaultConfigurationName = Release;
		};
/* End XCConfigurationList section */

/* Begin XCVersionGroup section */
		1D676C77213DEEDC001849EE /* numCounterIos.xcdatamodeld */ = {
			isa = XCVersionGroup;
			children = (
				1D676C78213DEEDC001849EE /* numCounterIos.xcdatamodel */,
			);
			currentVersion = 1D676C78213DEEDC001849EE /* numCounterIos.xcdatamodel */;
			path = numCounterIos.xcdatamodeld;
			sourceTree = "<group>";
			versionGroupType = wrapper.xcdatamodel;
		};
/* End XCVersionGroup section */
	};
	rootObject = 1D676C65213DEEDC001849EE /* Project object */;
}
